// !$*UTF8*$!
{
	archiveVersion = 1;
	classes = {
	};
	objectVersion = 55;
	objects = {

/* Begin PBXBuildFile section */
		813E1BD726C9A9100086A2FE /* MulitSwift.xcdatamodeld in Sources */ = {isa = PBXBuildFile; fileRef = 813E1BC626C9A90E0086A2FE /* MulitSwift.xcdatamodeld */; };
		813E1BD826C9A9100086A2FE /* MulitSwift.xcdatamodeld in Sources */ = {isa = PBXBuildFile; fileRef = 813E1BC626C9A90E0086A2FE /* MulitSwift.xcdatamodeld */; };
		813E1BD926C9A9100086A2FE /* MulitSwiftApp.swift in Sources */ = {isa = PBXBuildFile; fileRef = 813E1BC826C9A90E0086A2FE /* MulitSwiftApp.swift */; };
		813E1BDA26C9A9100086A2FE /* MulitSwiftApp.swift in Sources */ = {isa = PBXBuildFile; fileRef = 813E1BC826C9A90E0086A2FE /* MulitSwiftApp.swift */; };
		813E1BDB26C9A9100086A2FE /* DemoListViewUI.swift in Sources */ = {isa = PBXBuildFile; fileRef = 813E1BC926C9A90E0086A2FE /* DemoListViewUI.swift */; };
		813E1BDC26C9A9100086A2FE /* DemoListViewUI.swift in Sources */ = {isa = PBXBuildFile; fileRef = 813E1BC926C9A90E0086A2FE /* DemoListViewUI.swift */; };
		813E1BDD26C9A9100086A2FE /* Persistence.swift in Sources */ = {isa = PBXBuildFile; fileRef = 813E1BCA26C9A90E0086A2FE /* Persistence.swift */; };
		813E1BDE26C9A9100086A2FE /* Persistence.swift in Sources */ = {isa = PBXBuildFile; fileRef = 813E1BCA26C9A90E0086A2FE /* Persistence.swift */; };
		813E1BDF26C9A9100086A2FE /* Assets.xcassets in Resources */ = {isa = PBXBuildFile; fileRef = 813E1BCB26C9A9100086A2FE /* Assets.xcassets */; };
		813E1BE026C9A9100086A2FE /* Assets.xcassets in Resources */ = {isa = PBXBuildFile; fileRef = 813E1BCB26C9A9100086A2FE /* Assets.xcassets */; };
		81BB382B26C9B3D4006CBE91 /* ImageService.swift in Sources */ = {isa = PBXBuildFile; fileRef = 81BB382A26C9B3D4006CBE91 /* ImageService.swift */; };
		81BB382C26C9B3D4006CBE91 /* ImageService.swift in Sources */ = {isa = PBXBuildFile; fileRef = 81BB382A26C9B3D4006CBE91 /* ImageService.swift */; };
		81BB382E26C9B67A006CBE91 /* ContenvView.swift in Sources */ = {isa = PBXBuildFile; fileRef = 81BB382D26C9B67A006CBE91 /* ContenvView.swift */; };
		81BB382F26C9B67A006CBE91 /* ContenvView.swift in Sources */ = {isa = PBXBuildFile; fileRef = 81BB382D26C9B67A006CBE91 /* ContenvView.swift */; };
		DE1E692228B2C9780044B7FA /* ViewModel.swift in Sources */ = {isa = PBXBuildFile; fileRef = DE1E692128B2C9780044B7FA /* ViewModel.swift */; };
		DE1E692328B2C9780044B7FA /* ViewModel.swift in Sources */ = {isa = PBXBuildFile; fileRef = DE1E692128B2C9780044B7FA /* ViewModel.swift */; };
		DE1E692528B2DB780044B7FA /* ImageViewUI.swift in Sources */ = {isa = PBXBuildFile; fileRef = DE1E692428B2DB780044B7FA /* ImageViewUI.swift */; };
		DE1E692628B2DB780044B7FA /* ImageViewUI.swift in Sources */ = {isa = PBXBuildFile; fileRef = DE1E692428B2DB780044B7FA /* ImageViewUI.swift */; };
		DE9CF94D28B1B5170011D367 /* AsyncAlgorithms in Frameworks */ = {isa = PBXBuildFile; productRef = DE9CF94C28B1B5170011D367 /* AsyncAlgorithms */; };
		DE9CF94F28B1B52A0011D367 /* AsyncAlgorithms in Frameworks */ = {isa = PBXBuildFile; productRef = DE9CF94E28B1B52A0011D367 /* AsyncAlgorithms */; };
/* End PBXBuildFile section */

/* Begin PBXFileReference section */
		813E1BC726C9A90E0086A2FE /* Shared.xcdatamodel */ = {isa = PBXFileReference; lastKnownFileType = wrapper.xcdatamodel; path = Shared.xcdatamodel; sourceTree = "<group>"; };
		813E1BC826C9A90E0086A2FE /* MulitSwiftApp.swift */ = {isa = PBXFileReference; lastKnownFileType = sourcecode.swift; path = MulitSwiftApp.swift; sourceTree = "<group>"; };
		813E1BC926C9A90E0086A2FE /* DemoListViewUI.swift */ = {isa = PBXFileReference; lastKnownFileType = sourcecode.swift; path = DemoListViewUI.swift; sourceTree = "<group>"; };
		813E1BCA26C9A90E0086A2FE /* Persistence.swift */ = {isa = PBXFileReference; lastKnownFileType = sourcecode.swift; path = Persistence.swift; sourceTree = "<group>"; };
		813E1BCB26C9A9100086A2FE /* Assets.xcassets */ = {isa = PBXFileReference; lastKnownFileType = folder.assetcatalog; path = Assets.xcassets; sourceTree = "<group>"; };
		813E1BD026C9A9100086A2FE /* MulitSwift.app */ = {isa = PBXFileReference; explicitFileType = wrapper.application; includeInIndex = 0; path = MulitSwift.app; sourceTree = BUILT_PRODUCTS_DIR; };
		813E1BD626C9A9100086A2FE /* MulitSwift.app */ = {isa = PBXFileReference; explicitFileType = wrapper.application; includeInIndex = 0; path = MulitSwift.app; sourceTree = BUILT_PRODUCTS_DIR; };
		81BB382726C9A93F006CBE91 /* Whats-New-In-Swift-5-7.playground */ = {isa = PBXFileReference; lastKnownFileType = file.playground; path = "Whats-New-In-Swift-5-7.playground"; sourceTree = "<group>"; };
		81BB382A26C9B3D4006CBE91 /* ImageService.swift */ = {isa = PBXFileReference; lastKnownFileType = sourcecode.swift; path = ImageService.swift; sourceTree = "<group>"; };
		81BB382D26C9B67A006CBE91 /* ContenvView.swift */ = {isa = PBXFileReference; lastKnownFileType = sourcecode.swift; path = ContenvView.swift; sourceTree = "<group>"; };
		DE1E692128B2C9780044B7FA /* ViewModel.swift */ = {isa = PBXFileReference; lastKnownFileType = sourcecode.swift; path = ViewModel.swift; sourceTree = "<group>"; };
		DE1E692428B2DB780044B7FA /* ImageViewUI.swift */ = {isa = PBXFileReference; lastKnownFileType = sourcecode.swift; path = ImageViewUI.swift; sourceTree = "<group>"; };
		DE9CF95028B1BCCD0011D367 /* MulitSwift--iOS--Info.plist */ = {isa = PBXFileReference; lastKnownFileType = text.plist; path = "MulitSwift--iOS--Info.plist"; sourceTree = "<group>"; };
/* End PBXFileReference section */

/* Begin PBXFrameworksBuildPhase section */
		813E1BCD26C9A9100086A2FE /* Frameworks */ = {
			isa = PBXFrameworksBuildPhase;
			buildActionMask = 2147483647;
			files = (
				DE9CF94D28B1B5170011D367 /* AsyncAlgorithms in Frameworks */,
			);
			runOnlyForDeploymentPostprocessing = 0;
		};
		813E1BD326C9A9100086A2FE /* Frameworks */ = {
			isa = PBXFrameworksBuildPhase;
			buildActionMask = 2147483647;
			files = (
				DE9CF94F28B1B52A0011D367 /* AsyncAlgorithms in Frameworks */,
			);
			runOnlyForDeploymentPostprocessing = 0;
		};
/* End PBXFrameworksBuildPhase section */

/* Begin PBXGroup section */
		813E1BC026C9A90E0086A2FE = {
			isa = PBXGroup;
			children = (
				DE9CF95028B1BCCD0011D367 /* MulitSwift--iOS--Info.plist */,
				81BB382726C9A93F006CBE91 /* Whats-New-In-Swift-5-7.playground */,
				813E1BC526C9A90E0086A2FE /* Shared */,
				813E1BD126C9A9100086A2FE /* Products */,
				DE9CF93B28B1B2480011D367 /* Frameworks */,
			);
			sourceTree = "<group>";
		};
		813E1BC526C9A90E0086A2FE /* Shared */ = {
			isa = PBXGroup;
			children = (
				813E1BC826C9A90E0086A2FE /* MulitSwiftApp.swift */,
				81BB382D26C9B67A006CBE91 /* ContenvView.swift */,
				813E1BC926C9A90E0086A2FE /* DemoListViewUI.swift */,
				813E1BCA26C9A90E0086A2FE /* Persistence.swift */,
				DE1E692128B2C9780044B7FA /* ViewModel.swift */,
				DE1E692428B2DB780044B7FA /* ImageViewUI.swift */,
				81BB382A26C9B3D4006CBE91 /* ImageService.swift */,
				813E1BCB26C9A9100086A2FE /* Assets.xcassets */,
				813E1BC626C9A90E0086A2FE /* MulitSwift.xcdatamodeld */,
			);
			path = Shared;
			sourceTree = "<group>";
		};
		813E1BD126C9A9100086A2FE /* Products */ = {
			isa = PBXGroup;
			children = (
				813E1BD026C9A9100086A2FE /* MulitSwift.app */,
				813E1BD626C9A9100086A2FE /* MulitSwift.app */,
			);
			name = Products;
			sourceTree = "<group>";
		};
		DE9CF93B28B1B2480011D367 /* Frameworks */ = {
			isa = PBXGroup;
			children = (
			);
			name = Frameworks;
			sourceTree = "<group>";
		};
/* End PBXGroup section */

/* Begin PBXNativeTarget section */
		813E1BCF26C9A9100086A2FE /* MulitSwift (iOS) */ = {
			isa = PBXNativeTarget;
			buildConfigurationList = 813E1BE326C9A9100086A2FE /* Build configuration list for PBXNativeTarget "MulitSwift (iOS)" */;
			buildPhases = (
				813E1BCC26C9A9100086A2FE /* Sources */,
				813E1BCD26C9A9100086A2FE /* Frameworks */,
				813E1BCE26C9A9100086A2FE /* Resources */,
			);
			buildRules = (
			);
			dependencies = (
			);
			name = "MulitSwift (iOS)";
			packageProductDependencies = (
				DE9CF94C28B1B5170011D367 /* AsyncAlgorithms */,
			);
			productName = "MulitSwift (iOS)";
			productReference = 813E1BD026C9A9100086A2FE /* MulitSwift.app */;
			productType = "com.apple.product-type.application";
		};
		813E1BD526C9A9100086A2FE /* MulitSwift (macOS) */ = {
			isa = PBXNativeTarget;
			buildConfigurationList = 813E1BE626C9A9100086A2FE /* Build configuration list for PBXNativeTarget "MulitSwift (macOS)" */;
			buildPhases = (
				813E1BD226C9A9100086A2FE /* Sources */,
				813E1BD326C9A9100086A2FE /* Frameworks */,
				813E1BD426C9A9100086A2FE /* Resources */,
			);
			buildRules = (
			);
			dependencies = (
			);
			name = "MulitSwift (macOS)";
			packageProductDependencies = (
				DE9CF94E28B1B52A0011D367 /* AsyncAlgorithms */,
			);
			productName = "MulitSwift (macOS)";
			productReference = 813E1BD626C9A9100086A2FE /* MulitSwift.app */;
			productType = "com.apple.product-type.application";
		};
/* End PBXNativeTarget section */

/* Begin PBXProject section */
		813E1BC126C9A90E0086A2FE /* Project object */ = {
			isa = PBXProject;
			attributes = {
				BuildIndependentTargetsInParallel = 1;
				LastSwiftUpdateCheck = 1300;
				LastUpgradeCheck = 1300;
				TargetAttributes = {
					813E1BCF26C9A9100086A2FE = {
						CreatedOnToolsVersion = 13.0;
					};
					813E1BD526C9A9100086A2FE = {
						CreatedOnToolsVersion = 13.0;
					};
				};
			};
			buildConfigurationList = 813E1BC426C9A90E0086A2FE /* Build configuration list for PBXProject "MulitSwift" */;
			compatibilityVersion = "Xcode 13.0";
			developmentRegion = en;
			hasScannedForEncodings = 0;
			knownRegions = (
				en,
				Base,
			);
			mainGroup = 813E1BC026C9A90E0086A2FE;
			packageReferences = (
				DE9CF93828B1B0AF0011D367 /* XCRemoteSwiftPackageReference "swift-async-algorithms" */,
			);
			productRefGroup = 813E1BD126C9A9100086A2FE /* Products */;
			projectDirPath = "";
			projectRoot = "";
			targets = (
				813E1BCF26C9A9100086A2FE /* MulitSwift (iOS) */,
				813E1BD526C9A9100086A2FE /* MulitSwift (macOS) */,
			);
		};
/* End PBXProject section */

/* Begin PBXResourcesBuildPhase section */
		813E1BCE26C9A9100086A2FE /* Resources */ = {
			isa = PBXResourcesBuildPhase;
			buildActionMask = 2147483647;
			files = (
				813E1BDF26C9A9100086A2FE /* Assets.xcassets in Resources */,
			);
			runOnlyForDeploymentPostprocessing = 0;
		};
		813E1BD426C9A9100086A2FE /* Resources */ = {
			isa = PBXResourcesBuildPhase;
			buildActionMask = 2147483647;
			files = (
				813E1BE026C9A9100086A2FE /* Assets.xcassets in Resources */,
			);
			runOnlyForDeploymentPostprocessing = 0;
		};
/* End PBXResourcesBuildPhase section */

/* Begin PBXSourcesBuildPhase section */
		813E1BCC26C9A9100086A2FE /* Sources */ = {
			isa = PBXSourcesBuildPhase;
			buildActionMask = 2147483647;
			files = (
				DE1E692528B2DB780044B7FA /* ImageViewUI.swift in Sources */,
				81BB382B26C9B3D4006CBE91 /* ImageService.swift in Sources */,
				813E1BD726C9A9100086A2FE /* MulitSwift.xcdatamodeld in Sources */,
				81BB382E26C9B67A006CBE91 /* ContenvView.swift in Sources */,
				813E1BDD26C9A9100086A2FE /* Persistence.swift in Sources */,
				813E1BD926C9A9100086A2FE /* MulitSwiftApp.swift in Sources */,
				813E1BDB26C9A9100086A2FE /* DemoListViewUI.swift in Sources */,
				DE1E692228B2C9780044B7FA /* ViewModel.swift in Sources */,
			);
			runOnlyForDeploymentPostprocessing = 0;
		};
		813E1BD226C9A9100086A2FE /* Sources */ = {
			isa = PBXSourcesBuildPhase;
			buildActionMask = 2147483647;
			files = (
				DE1E692628B2DB780044B7FA /* ImageViewUI.swift in Sources */,
				81BB382C26C9B3D4006CBE91 /* ImageService.swift in Sources */,
				813E1BD826C9A9100086A2FE /* MulitSwift.xcdatamodeld in Sources */,
				81BB382F26C9B67A006CBE91 /* ContenvView.swift in Sources */,
				813E1BDE26C9A9100086A2FE /* Persistence.swift in Sources */,
				813E1BDA26C9A9100086A2FE /* MulitSwiftApp.swift in Sources */,
				813E1BDC26C9A9100086A2FE /* DemoListViewUI.swift in Sources */,
				DE1E692328B2C9780044B7FA /* ViewModel.swift in Sources */,
			);
			runOnlyForDeploymentPostprocessing = 0;
		};
/* End PBXSourcesBuildPhase section */

/* Begin XCBuildConfiguration section */
		813E1BE126C9A9100086A2FE /* Debug */ = {
			isa = XCBuildConfiguration;
			buildSettings = {
				ALWAYS_SEARCH_USER_PATHS = NO;
				CLANG_ANALYZER_NONNULL = YES;
				CLANG_ANALYZER_NUMBER_OBJECT_CONVERSION = YES_AGGRESSIVE;
				CLANG_CXX_LANGUAGE_STANDARD = "gnu++17";
				CLANG_CXX_LIBRARY = "libc++";
				CLANG_ENABLE_MODULES = YES;
				CLANG_ENABLE_OBJC_ARC = YES;
				CLANG_ENABLE_OBJC_WEAK = YES;
				CLANG_WARN_BLOCK_CAPTURE_AUTORELEASING = YES;
				CLANG_WARN_BOOL_CONVERSION = YES;
				CLANG_WARN_COMMA = YES;
				CLANG_WARN_CONSTANT_CONVERSION = YES;
				CLANG_WARN_DEPRECATED_OBJC_IMPLEMENTATIONS = YES;
				CLANG_WARN_DIRECT_OBJC_ISA_USAGE = YES_ERROR;
				CLANG_WARN_DOCUMENTATION_COMMENTS = YES;
				CLANG_WARN_EMPTY_BODY = YES;
				CLANG_WARN_ENUM_CONVERSION = YES;
				CLANG_WARN_INFINITE_RECURSION = YES;
				CLANG_WARN_INT_CONVERSION = YES;
				CLANG_WARN_NON_LITERAL_NULL_CONVERSION = YES;
				CLANG_WARN_OBJC_IMPLICIT_RETAIN_SELF = YES;
				CLANG_WARN_OBJC_LITERAL_CONVERSION = YES;
				CLANG_WARN_OBJC_ROOT_CLASS = YES_ERROR;
				CLANG_WARN_QUOTED_INCLUDE_IN_FRAMEWORK_HEADER = YES;
				CLANG_WARN_RANGE_LOOP_ANALYSIS = YES;
				CLANG_WARN_STRICT_PROTOTYPES = YES;
				CLANG_WARN_SUSPICIOUS_MOVE = YES;
				CLANG_WARN_UNGUARDED_AVAILABILITY = YES_AGGRESSIVE;
				CLANG_WARN_UNREACHABLE_CODE = YES;
				CLANG_WARN__DUPLICATE_METHOD_MATCH = YES;
				COPY_PHASE_STRIP = NO;
				DEBUG_INFORMATION_FORMAT = dwarf;
				ENABLE_STRICT_OBJC_MSGSEND = YES;
				ENABLE_TESTABILITY = YES;
				GCC_C_LANGUAGE_STANDARD = gnu11;
				GCC_DYNAMIC_NO_PIC = NO;
				GCC_NO_COMMON_BLOCKS = YES;
				GCC_OPTIMIZATION_LEVEL = 0;
				GCC_PREPROCESSOR_DEFINITIONS = (
					"DEBUG=1",
					"$(inherited)",
				);
				GCC_WARN_64_TO_32_BIT_CONVERSION = YES;
				GCC_WARN_ABOUT_RETURN_TYPE = YES_ERROR;
				GCC_WARN_UNDECLARED_SELECTOR = YES;
				GCC_WARN_UNINITIALIZED_AUTOS = YES_AGGRESSIVE;
				GCC_WARN_UNUSED_FUNCTION = YES;
				GCC_WARN_UNUSED_VARIABLE = YES;
				MTL_ENABLE_DEBUG_INFO = INCLUDE_SOURCE;
				MTL_FAST_MATH = YES;
				ONLY_ACTIVE_ARCH = YES;
				SWIFT_ACTIVE_COMPILATION_CONDITIONS = DEBUG;
				SWIFT_OPTIMIZATION_LEVEL = "-Onone";
			};
			name = Debug;
		};
		813E1BE226C9A9100086A2FE /* Release */ = {
			isa = XCBuildConfiguration;
			buildSettings = {
				ALWAYS_SEARCH_USER_PATHS = NO;
				CLANG_ANALYZER_NONNULL = YES;
				CLANG_ANALYZER_NUMBER_OBJECT_CONVERSION = YES_AGGRESSIVE;
				CLANG_CXX_LANGUAGE_STANDARD = "gnu++17";
				CLANG_CXX_LIBRARY = "libc++";
				CLANG_ENABLE_MODULES = YES;
				CLANG_ENABLE_OBJC_ARC = YES;
				CLANG_ENABLE_OBJC_WEAK = YES;
				CLANG_WARN_BLOCK_CAPTURE_AUTORELEASING = YES;
				CLANG_WARN_BOOL_CONVERSION = YES;
				CLANG_WARN_COMMA = YES;
				CLANG_WARN_CONSTANT_CONVERSION = YES;
				CLANG_WARN_DEPRECATED_OBJC_IMPLEMENTATIONS = YES;
				CLANG_WARN_DIRECT_OBJC_ISA_USAGE = YES_ERROR;
				CLANG_WARN_DOCUMENTATION_COMMENTS = YES;
				CLANG_WARN_EMPTY_BODY = YES;
				CLANG_WARN_ENUM_CONVERSION = YES;
				CLANG_WARN_INFINITE_RECURSION = YES;
				CLANG_WARN_INT_CONVERSION = YES;
				CLANG_WARN_NON_LITERAL_NULL_CONVERSION = YES;
				CLANG_WARN_OBJC_IMPLICIT_RETAIN_SELF = YES;
				CLANG_WARN_OBJC_LITERAL_CONVERSION = YES;
				CLANG_WARN_OBJC_ROOT_CLASS = YES_ERROR;
				CLANG_WARN_QUOTED_INCLUDE_IN_FRAMEWORK_HEADER = YES;
				CLANG_WARN_RANGE_LOOP_ANALYSIS = YES;
				CLANG_WARN_STRICT_PROTOTYPES = YES;
				CLANG_WARN_SUSPICIOUS_MOVE = YES;
				CLANG_WARN_UNGUARDED_AVAILABILITY = YES_AGGRESSIVE;
				CLANG_WARN_UNREACHABLE_CODE = YES;
				CLANG_WARN__DUPLICATE_METHOD_MATCH = YES;
				COPY_PHASE_STRIP = NO;
				DEBUG_INFORMATION_FORMAT = "dwarf-with-dsym";
				ENABLE_NS_ASSERTIONS = NO;
				ENABLE_STRICT_OBJC_MSGSEND = YES;
				GCC_C_LANGUAGE_STANDARD = gnu11;
				GCC_NO_COMMON_BLOCKS = YES;
				GCC_WARN_64_TO_32_BIT_CONVERSION = YES;
				GCC_WARN_ABOUT_RETURN_TYPE = YES_ERROR;
				GCC_WARN_UNDECLARED_SELECTOR = YES;
				GCC_WARN_UNINITIALIZED_AUTOS = YES_AGGRESSIVE;
				GCC_WARN_UNUSED_FUNCTION = YES;
				GCC_WARN_UNUSED_VARIABLE = YES;
				MTL_ENABLE_DEBUG_INFO = NO;
				MTL_FAST_MATH = YES;
				SWIFT_COMPILATION_MODE = wholemodule;
				SWIFT_OPTIMIZATION_LEVEL = "-O";
			};
			name = Release;
		};
		813E1BE426C9A9100086A2FE /* Debug */ = {
			isa = XCBuildConfiguration;
			buildSettings = {
				ASSETCATALOG_COMPILER_APPICON_NAME = AppIcon;
				ASSETCATALOG_COMPILER_GLOBAL_ACCENT_COLOR_NAME = AccentColor;
				CODE_SIGN_STYLE = Automatic;
				CURRENT_PROJECT_VERSION = 1;
				DEVELOPMENT_TEAM = 3F6FBJA4J7;
				ENABLE_PREVIEWS = YES;
				GENERATE_INFOPLIST_FILE = YES;
				INFOPLIST_FILE = "MulitSwift--iOS--Info.plist";
				INFOPLIST_KEY_UIApplicationSceneManifest_Generation = YES;
				INFOPLIST_KEY_UIApplicationSupportsIndirectInputEvents = YES;
				INFOPLIST_KEY_UILaunchScreen_Generation = YES;
				INFOPLIST_KEY_UISupportedInterfaceOrientations_iPad = "UIInterfaceOrientationPortrait UIInterfaceOrientationPortraitUpsideDown UIInterfaceOrientationLandscapeLeft UIInterfaceOrientationLandscapeRight";
				INFOPLIST_KEY_UISupportedInterfaceOrientations_iPhone = "UIInterfaceOrientationPortrait UIInterfaceOrientationLandscapeLeft UIInterfaceOrientationLandscapeRight";
				IPHONEOS_DEPLOYMENT_TARGET = 15.0;
				LD_RUNPATH_SEARCH_PATHS = (
					"$(inherited)",
					"@executable_path/Frameworks",
				);
				MARKETING_VERSION = 1.0;
				PRODUCT_BUNDLE_IDENTIFIER = com.ylabz.MulitSwift;
				PRODUCT_NAME = MulitSwift;
				SDKROOT = iphoneos;
				SWIFT_EMIT_LOC_STRINGS = YES;
				SWIFT_VERSION = 5.0;
				TARGETED_DEVICE_FAMILY = "1,2";
			};
			name = Debug;
		};
		813E1BE526C9A9100086A2FE /* Release */ = {
			isa = XCBuildConfiguration;
			buildSettings = {
				ASSETCATALOG_COMPILER_APPICON_NAME = AppIcon;
				ASSETCATALOG_COMPILER_GLOBAL_ACCENT_COLOR_NAME = AccentColor;
				CODE_SIGN_STYLE = Automatic;
				CURRENT_PROJECT_VERSION = 1;
				DEVELOPMENT_TEAM = 3F6FBJA4J7;
				ENABLE_PREVIEWS = YES;
				GENERATE_INFOPLIST_FILE = YES;
				INFOPLIST_FILE = "MulitSwift--iOS--Info.plist";
				INFOPLIST_KEY_UIApplicationSceneManifest_Generation = YES;
				INFOPLIST_KEY_UIApplicationSupportsIndirectInputEvents = YES;
				INFOPLIST_KEY_UILaunchScreen_Generation = YES;
				INFOPLIST_KEY_UISupportedInterfaceOrientations_iPad = "UIInterfaceOrientationPortrait UIInterfaceOrientationPortraitUpsideDown UIInterfaceOrientationLandscapeLeft UIInterfaceOrientationLandscapeRight";
				INFOPLIST_KEY_UISupportedInterfaceOrientations_iPhone = "UIInterfaceOrientationPortrait UIInterfaceOrientationLandscapeLeft UIInterfaceOrientationLandscapeRight";
				IPHONEOS_DEPLOYMENT_TARGET = 15.0;
				LD_RUNPATH_SEARCH_PATHS = (
					"$(inherited)",
					"@executable_path/Frameworks",
				);
				MARKETING_VERSION = 1.0;
				PRODUCT_BUNDLE_IDENTIFIER = com.ylabz.MulitSwift;
				PRODUCT_NAME = MulitSwift;
				SDKROOT = iphoneos;
				SWIFT_EMIT_LOC_STRINGS = YES;
				SWIFT_VERSION = 5.0;
				TARGETED_DEVICE_FAMILY = "1,2";
				VALIDATE_PRODUCT = YES;
			};
			name = Release;
		};
		813E1BE726C9A9100086A2FE /* Debug */ = {
			isa = XCBuildConfiguration;
			buildSettings = {
				ASSETCATALOG_COMPILER_APPICON_NAME = AppIcon;
				ASSETCATALOG_COMPILER_GLOBAL_ACCENT_COLOR_NAME = AccentColor;
				CODE_SIGN_STYLE = Automatic;
				COMBINE_HIDPI_IMAGES = YES;
				CURRENT_PROJECT_VERSION = 1;
				DEVELOPMENT_TEAM = 3F6FBJA4J7;
				ENABLE_APP_SANDBOX = YES;
				ENABLE_HARDENED_RUNTIME = YES;
				ENABLE_PREVIEWS = YES;
				ENABLE_USER_SELECTED_FILES = readonly;
				GENERATE_INFOPLIST_FILE = YES;
				INFOPLIST_KEY_NSHumanReadableCopyright = "";
				LD_RUNPATH_SEARCH_PATHS = (
					"$(inherited)",
					"@executable_path/../Frameworks",
				);
				MACOSX_DEPLOYMENT_TARGET = 12.0;
				MARKETING_VERSION = 1.0;
				PRODUCT_BUNDLE_IDENTIFIER = com.ylabz.MulitSwift;
				PRODUCT_NAME = MulitSwift;
				SDKROOT = macosx;
				SWIFT_EMIT_LOC_STRINGS = YES;
				SWIFT_VERSION = 5.0;
			};
			name = Debug;
		};
		813E1BE826C9A9100086A2FE /* Release */ = {
			isa = XCBuildConfiguration;
			buildSettings = {
				ASSETCATALOG_COMPILER_APPICON_NAME = AppIcon;
				ASSETCATALOG_COMPILER_GLOBAL_ACCENT_COLOR_NAME = AccentColor;
				CODE_SIGN_STYLE = Automatic;
				COMBINE_HIDPI_IMAGES = YES;
				CURRENT_PROJECT_VERSION = 1;
				DEVELOPMENT_TEAM = 3F6FBJA4J7;
				ENABLE_APP_SANDBOX = YES;
				ENABLE_HARDENED_RUNTIME = YES;
				ENABLE_PREVIEWS = YES;
				ENABLE_USER_SELECTED_FILES = readonly;
				GENERATE_INFOPLIST_FILE = YES;
				INFOPLIST_KEY_NSHumanReadableCopyright = "";
				LD_RUNPATH_SEARCH_PATHS = (
					"$(inherited)",
					"@executable_path/../Frameworks",
				);
				MACOSX_DEPLOYMENT_TARGET = 12.0;
				MARKETING_VERSION = 1.0;
				PRODUCT_BUNDLE_IDENTIFIER = com.ylabz.MulitSwift;
				PRODUCT_NAME = MulitSwift;
				SDKROOT = macosx;
				SWIFT_EMIT_LOC_STRINGS = YES;
				SWIFT_VERSION = 5.0;
			};
			name = Release;
		};
/* End XCBuildConfiguration section */

/* Begin XCConfigurationList section */
		813E1BC426C9A90E0086A2FE /* Build configuration list for PBXProject "MulitSwift" */ = {
			isa = XCConfigurationList;
			buildConfigurations = (
				813E1BE126C9A9100086A2FE /* Debug */,
				813E1BE226C9A9100086A2FE /* Release */,
			);
			defaultConfigurationIsVisible = 0;
			defaultConfigurationName = Release;
		};
		813E1BE326C9A9100086A2FE /* Build configuration list for PBXNativeTarget "MulitSwift (iOS)" */ = {
			isa = XCConfigurationList;
			buildConfigurations = (
				813E1BE426C9A9100086A2FE /* Debug */,
				813E1BE526C9A9100086A2FE /* Release */,
			);
			defaultConfigurationIsVisible = 0;
			defaultConfigurationName = Release;
		};
		813E1BE626C9A9100086A2FE /* Build configuration list for PBXNativeTarget "MulitSwift (macOS)" */ = {
			isa = XCConfigurationList;
			buildConfigurations = (
				813E1BE726C9A9100086A2FE /* Debug */,
				813E1BE826C9A9100086A2FE /* Release */,
			);
			defaultConfigurationIsVisible = 0;
			defaultConfigurationName = Release;
		};
/* End XCConfigurationList section */

/* Begin XCRemoteSwiftPackageReference section */
		DE9CF93828B1B0AF0011D367 /* XCRemoteSwiftPackageReference "swift-async-algorithms" */ = {
			isa = XCRemoteSwiftPackageReference;
			repositoryURL = "https://github.com/apple/swift-async-algorithms";
			requirement = {
				kind = upToNextMajorVersion;
				minimumVersion = 0.0.3;
			};
		};
/* End XCRemoteSwiftPackageReference section */

/* Begin XCSwiftPackageProductDependency section */
		DE9CF94C28B1B5170011D367 /* AsyncAlgorithms */ = {
			isa = XCSwiftPackageProductDependency;
			package = DE9CF93828B1B0AF0011D367 /* XCRemoteSwiftPackageReference "swift-async-algorithms" */;
			productName = AsyncAlgorithms;
		};
		DE9CF94E28B1B52A0011D367 /* AsyncAlgorithms */ = {
			isa = XCSwiftPackageProductDependency;
			package = DE9CF93828B1B0AF0011D367 /* XCRemoteSwiftPackageReference "swift-async-algorithms" */;
			productName = AsyncAlgorithms;
		};
/* End XCSwiftPackageProductDependency section */

/* Begin XCVersionGroup section */
		813E1BC626C9A90E0086A2FE /* MulitSwift.xcdatamodeld */ = {
			isa = XCVersionGroup;
			children = (
				813E1BC726C9A90E0086A2FE /* Shared.xcdatamodel */,
			);
			currentVersion = 813E1BC726C9A90E0086A2FE /* Shared.xcdatamodel */;
			path = MulitSwift.xcdatamodeld;
			sourceTree = "<group>";
			versionGroupType = wrapper.xcdatamodel;
		};
/* End XCVersionGroup section */
	};
	rootObject = 813E1BC126C9A90E0086A2FE /* Project object */;
}
